
Microsoft Visual Studio Solution File, Format Version 11.00
# Visual Studio 2010
Project("{2150E333-8FDC-42A3-9474-1A3956D46DE8}") = "Server Side", "Server Side", "{98F2368B-28CC-46AF-989A-B57127819289}"
EndProject
Project("{FAE04EC0-301F-11D3-BF4B-00C04F79EFBC}") = "ObjectServer.Test", "ObjectServer.Test\ObjectServer.Test.csproj", "{94E3674D-7478-4B48-B1DD-9ACA057E69B8}"
EndProject
Project("{FAE04EC0-301F-11D3-BF4B-00C04F79EFBC}") = "ObjectServer.Core", "ObjectServer\ObjectServer.Core.csproj", "{443BAECA-181D-45B8-9EB8-FCA3A35051E1}"
EndProject
Project("{2150E333-8FDC-42A3-9474-1A3956D46DE8}") = "Client Side", "Client Side", "{C592BCB6-F941-4C5C-A109-03A40B3885FE}"
EndProject
Project("{FAE04EC0-301F-11D3-BF4B-00C04F79EFBC}") = "ObjectServer.SilverlightClient", "ObjectServer.Client\ObjectServer.SilverlightClient.csproj", "{0F1350CA-2DE0-4EC6-9535-7609B3DFB90D}"
EndProject
Project("{FAE04EC0-301F-11D3-BF4B-00C04F79EFBC}") = "ObjectServer.Client.Agos", "ObjectServer.Client.Agos\ObjectServer.Client.Agos.csproj", "{DB5364B7-F0EF-4FF0-98DB-FEF369B93933}"
EndProject
Project("{FAE04EC0-301F-11D3-BF4B-00C04F79EFBC}") = "ObjectServer.Server", "ObjectServer.Server\ObjectServer.Server.csproj", "{82ACCEA7-B454-46D8-B4F8-D475AE8722A0}"
EndProject
Project("{FAE04EC0-301F-11D3-BF4B-00C04F79EFBC}") = "ObjectServer.TestServer", "ObjectServer.TestServer\ObjectServer.TestServer.csproj", "{77E560B0-09B9-4EA5-8983-6F3C5B9FD1C6}"
EndProject
Global
	GlobalSection(SolutionConfigurationPlatforms) = preSolution
		Debug|Any CPU = Debug|Any CPU
		Debug|Mixed Platforms = Debug|Mixed Platforms
		Debug|x86 = Debug|x86
		Release|Any CPU = Release|Any CPU
		Release|Mixed Platforms = Release|Mixed Platforms
		Release|x86 = Release|x86
	EndGlobalSection
	GlobalSection(ProjectConfigurationPlatforms) = postSolution
		{94E3674D-7478-4B48-B1DD-9ACA057E69B8}.Debug|Any CPU.ActiveCfg = Debug|Any CPU
		{94E3674D-7478-4B48-B1DD-9ACA057E69B8}.Debug|Any CPU.Build.0 = Debug|Any CPU
		{94E3674D-7478-4B48-B1DD-9ACA057E69B8}.Debug|Mixed Platforms.ActiveCfg = Debug|Any CPU
		{94E3674D-7478-4B48-B1DD-9ACA057E69B8}.Debug|Mixed Platforms.Build.0 = Debug|Any CPU
		{94E3674D-7478-4B48-B1DD-9ACA057E69B8}.Debug|x86.ActiveCfg = Debug|Any CPU
		{94E3674D-7478-4B48-B1DD-9ACA057E69B8}.Release|Any CPU.ActiveCfg = Release|Any CPU
		{94E3674D-7478-4B48-B1DD-9ACA057E69B8}.Release|Any CPU.Build.0 = Release|Any CPU
		{94E3674D-7478-4B48-B1DD-9ACA057E69B8}.Release|Mixed Platforms.ActiveCfg = Release|Any CPU
		{94E3674D-7478-4B48-B1DD-9ACA057E69B8}.Release|Mixed Platforms.Build.0 = Release|Any CPU
		{94E3674D-7478-4B48-B1DD-9ACA057E69B8}.Release|x86.ActiveCfg = Release|Any CPU
		{443BAECA-181D-45B8-9EB8-FCA3A35051E1}.Debug|Any CPU.ActiveCfg = Debug|Any CPU
		{443BAECA-181D-45B8-9EB8-FCA3A35051E1}.Debug|Any CPU.Build.0 = Debug|Any CPU
		{443BAECA-181D-45B8-9EB8-FCA3A35051E1}.Debug|Mixed Platforms.ActiveCfg = Debug|Any CPU
		{443BAECA-181D-45B8-9EB8-FCA3A35051E1}.Debug|Mixed Platforms.Build.0 = Debug|Any CPU
		{443BAECA-181D-45B8-9EB8-FCA3A35051E1}.Debug|x86.ActiveCfg = Debug|Any CPU
		{443BAECA-181D-45B8-9EB8-FCA3A35051E1}.Release|Any CPU.ActiveCfg = Release|Any CPU
		{443BAECA-181D-45B8-9EB8-FCA3A35051E1}.Release|Any CPU.Build.0 = Release|Any CPU
		{443BAECA-181D-45B8-9EB8-FCA3A35051E1}.Release|Mixed Platforms.ActiveCfg = Release|Any CPU
		{443BAECA-181D-45B8-9EB8-FCA3A35051E1}.Release|Mixed Platforms.Build.0 = Release|Any CPU
		{443BAECA-181D-45B8-9EB8-FCA3A35051E1}.Release|x86.ActiveCfg = Release|Any CPU
		{0F1350CA-2DE0-4EC6-9535-7609B3DFB90D}.Debug|Any CPU.ActiveCfg = Debug|Any CPU
		{0F1350CA-2DE0-4EC6-9535-7609B3DFB90D}.Debug|Any CPU.Build.0 = Debug|Any CPU
		{0F1350CA-2DE0-4EC6-9535-7609B3DFB90D}.Debug|Mixed Platforms.ActiveCfg = Debug|Any CPU
		{0F1350CA-2DE0-4EC6-9535-7609B3DFB90D}.Debug|Mixed Platforms.Build.0 = Debug|Any CPU
		{0F1350CA-2DE0-4EC6-9535-7609B3DFB90D}.Debug|x86.ActiveCfg = Debug|Any CPU
		{0F1350CA-2DE0-4EC6-9535-7609B3DFB90D}.Release|Any CPU.ActiveCfg = Release|Any CPU
		{0F1350CA-2DE0-4EC6-9535-7609B3DFB90D}.Release|Any CPU.Build.0 = Release|Any CPU
		{0F1350CA-2DE0-4EC6-9535-7609B3DFB90D}.Release|Mixed Platforms.ActiveCfg = Release|Any CPU
		{0F1350CA-2DE0-4EC6-9535-7609B3DFB90D}.Release|Mixed Platforms.Build.0 = Release|Any CPU
		{0F1350CA-2DE0-4EC6-9535-7609B3DFB90D}.Release|x86.ActiveCfg = Release|Any CPU
		{DB5364B7-F0EF-4FF0-98DB-FEF369B93933}.Debug|Any CPU.ActiveCfg = Debug|Any CPU
		{DB5364B7-F0EF-4FF0-98DB-FEF369B93933}.Debug|Any CPU.Build.0 = Debug|Any CPU
		{DB5364B7-F0EF-4FF0-98DB-FEF369B93933}.Debug|Mixed Platforms.ActiveCfg = Debug|Any CPU
		{DB5364B7-F0EF-4FF0-98DB-FEF369B93933}.Debug|Mixed Platforms.Build.0 = Debug|Any CPU
		{DB5364B7-F0EF-4FF0-98DB-FEF369B93933}.Debug|x86.ActiveCfg = Debug|Any CPU
		{DB5364B7-F0EF-4FF0-98DB-FEF369B93933}.Release|Any CPU.ActiveCfg = Release|Any CPU
		{DB5364B7-F0EF-4FF0-98DB-FEF369B93933}.Release|Any CPU.Build.0 = Release|Any CPU
		{DB5364B7-F0EF-4FF0-98DB-FEF369B93933}.Release|Mixed Platforms.ActiveCfg = Release|Any CPU
		{DB5364B7-F0EF-4FF0-98DB-FEF369B93933}.Release|Mixed Platforms.Build.0 = Release|Any CPU
		{DB5364B7-F0EF-4FF0-98DB-FEF369B93933}.Release|x86.ActiveCfg = Release|Any CPU
		{82ACCEA7-B454-46D8-B4F8-D475AE8722A0}.Debug|Any CPU.ActiveCfg = Debug|x86
		{82ACCEA7-B454-46D8-B4F8-D475AE8722A0}.Debug|Mixed Platforms.ActiveCfg = Debug|x86
		{82ACCEA7-B454-46D8-B4F8-D475AE8722A0}.Debug|Mixed Platforms.Build.0 = Debug|x86
		{82ACCEA7-B454-46D8-B4F8-D475AE8722A0}.Debug|x86.ActiveCfg = Debug|x86
		{82ACCEA7-B454-46D8-B4F8-D475AE8722A0}.Debug|x86.Build.0 = Debug|x86
		{82ACCEA7-B454-46D8-B4F8-D475AE8722A0}.Release|Any CPU.ActiveCfg = Release|x86
		{82ACCEA7-B454-46D8-B4F8-D475AE8722A0}.Release|Mixed Platforms.ActiveCfg = Release|x86
		{82ACCEA7-B454-46D8-B4F8-D475AE8722A0}.Release|Mixed Platforms.Build.0 = Release|x86
		{82ACCEA7-B454-46D8-B4F8-D475AE8722A0}.Release|x86.ActiveCfg = Release|x86
		{82ACCEA7-B454-46D8-B4F8-D475AE8722A0}.Release|x86.Build.0 = Release|x86
		{77E560B0-09B9-4EA5-8983-6F3C5B9FD1C6}.Debug|Any CPU.ActiveCfg = Debug|x86
		{77E560B0-09B9-4EA5-8983-6F3C5B9FD1C6}.Debug|Mixed Platforms.ActiveCfg = Debug|x86
		{77E560B0-09B9-4EA5-8983-6F3C5B9FD1C6}.Debug|Mixed Platforms.Build.0 = Debug|x86
		{77E560B0-09B9-4EA5-8983-6F3C5B9FD1C6}.Debug|x86.ActiveCfg = Debug|x86
		{77E560B0-09B9-4EA5-8983-6F3C5B9FD1C6}.Debug|x86.Build.0 = Debug|x86
		{77E560B0-09B9-4EA5-8983-6F3C5B9FD1C6}.Release|Any CPU.ActiveCfg = Release|x86
		{77E560B0-09B9-4EA5-8983-6F3C5B9FD1C6}.Release|Mixed Platforms.ActiveCfg = Release|x86
		{77E560B0-09B9-4EA5-8983-6F3C5B9FD1C6}.Release|Mixed Platforms.Build.0 = Release|x86
		{77E560B0-09B9-4EA5-8983-6F3C5B9FD1C6}.Release|x86.ActiveCfg = Release|x86
		{77E560B0-09B9-4EA5-8983-6F3C5B9FD1C6}.Release|x86.Build.0 = Release|x86
	EndGlobalSection
	GlobalSection(SolutionProperties) = preSolution
		HideSolutionNode = FALSE
	EndGlobalSection
	GlobalSection(NestedProjects) = preSolution
		{94E3674D-7478-4B48-B1DD-9ACA057E69B8} = {98F2368B-28CC-46AF-989A-B57127819289}
		{443BAECA-181D-45B8-9EB8-FCA3A35051E1} = {98F2368B-28CC-46AF-989A-B57127819289}
		{82ACCEA7-B454-46D8-B4F8-D475AE8722A0} = {98F2368B-28CC-46AF-989A-B57127819289}
		{77E560B0-09B9-4EA5-8983-6F3C5B9FD1C6} = {98F2368B-28CC-46AF-989A-B57127819289}
		{0F1350CA-2DE0-4EC6-9535-7609B3DFB90D} = {C592BCB6-F941-4C5C-A109-03A40B3885FE}
		{DB5364B7-F0EF-4FF0-98DB-FEF369B93933} = {C592BCB6-F941-4C5C-A109-03A40B3885FE}
	EndGlobalSection
	GlobalSection(MonoDevelopProperties) = preSolution
		StartupItem = ObjectServer.Test\ObjectServer.Test.csproj
	EndGlobalSection
EndGlobal
