
Microsoft Visual Studio Solution File, Format Version 11.00
# Visual Studio 2010
Project("{2150E333-8FDC-42A3-9474-1A3956D46DE8}") = "Server Side", "Server Side", "{98F2368B-28CC-46AF-989A-B57127819289}"
EndProject
Project("{FAE04EC0-301F-11D3-BF4B-00C04F79EFBC}") = "ObjectServer.Test", "ObjectServer.Test\ObjectServer.Test.csproj", "{94E3674D-7478-4B48-B1DD-9ACA057E69B8}"
EndProject
Project("{FAE04EC0-301F-11D3-BF4B-00C04F79EFBC}") = "ObjectServer.Web", "ObjectServer.Web\ObjectServer.Web.csproj", "{CF15573A-6680-406B-9BA1-15DFF819C6CC}"
EndProject
Project("{FAE04EC0-301F-11D3-BF4B-00C04F79EFBC}") = "ObjectServer.Core", "ObjectServer\ObjectServer.Core.csproj", "{443BAECA-181D-45B8-9EB8-FCA3A35051E1}"
EndProject
Project("{2150E333-8FDC-42A3-9474-1A3956D46DE8}") = "Client Side", "Client Side", "{C592BCB6-F941-4C5C-A109-03A40B3885FE}"
EndProject
Project("{FAE04EC0-301F-11D3-BF4B-00C04F79EFBC}") = "ObjectServer.SilverlightClient", "ObjectServer.Client\ObjectServer.SilverlightClient.csproj", "{0F1350CA-2DE0-4EC6-9535-7609B3DFB90D}"
EndProject
Project("{FAE04EC0-301F-11D3-BF4B-00C04F79EFBC}") = "ObjectServer.Client.Agos", "ObjectServer.Client.Agos\ObjectServer.Client.Agos.csproj", "{DB5364B7-F0EF-4FF0-98DB-FEF369B93933}"
	ProjectSection(ProjectDependencies) = postProject
		{CF15573A-6680-406B-9BA1-15DFF819C6CC} = {CF15573A-6680-406B-9BA1-15DFF819C6CC}
	EndProjectSection
EndProject
Global
	GlobalSection(SolutionConfigurationPlatforms) = preSolution
		Debug|Any CPU = Debug|Any CPU
		Release|Any CPU = Release|Any CPU
	EndGlobalSection
	GlobalSection(ProjectConfigurationPlatforms) = postSolution
		{0F1350CA-2DE0-4EC6-9535-7609B3DFB90D}.Debug|Any CPU.ActiveCfg = Debug|Any CPU
		{0F1350CA-2DE0-4EC6-9535-7609B3DFB90D}.Debug|Any CPU.Build.0 = Debug|Any CPU
		{0F1350CA-2DE0-4EC6-9535-7609B3DFB90D}.Release|Any CPU.ActiveCfg = Release|Any CPU
		{0F1350CA-2DE0-4EC6-9535-7609B3DFB90D}.Release|Any CPU.Build.0 = Release|Any CPU
		{443BAECA-181D-45B8-9EB8-FCA3A35051E1}.Debug|Any CPU.ActiveCfg = Debug|Any CPU
		{443BAECA-181D-45B8-9EB8-FCA3A35051E1}.Debug|Any CPU.Build.0 = Debug|Any CPU
		{443BAECA-181D-45B8-9EB8-FCA3A35051E1}.Release|Any CPU.ActiveCfg = Release|Any CPU
		{443BAECA-181D-45B8-9EB8-FCA3A35051E1}.Release|Any CPU.Build.0 = Release|Any CPU
		{94E3674D-7478-4B48-B1DD-9ACA057E69B8}.Debug|Any CPU.ActiveCfg = Debug|Any CPU
		{94E3674D-7478-4B48-B1DD-9ACA057E69B8}.Debug|Any CPU.Build.0 = Debug|Any CPU
		{94E3674D-7478-4B48-B1DD-9ACA057E69B8}.Release|Any CPU.ActiveCfg = Release|Any CPU
		{94E3674D-7478-4B48-B1DD-9ACA057E69B8}.Release|Any CPU.Build.0 = Release|Any CPU
		{CF15573A-6680-406B-9BA1-15DFF819C6CC}.Debug|Any CPU.ActiveCfg = Debug|Any CPU
		{CF15573A-6680-406B-9BA1-15DFF819C6CC}.Debug|Any CPU.Build.0 = Debug|Any CPU
		{CF15573A-6680-406B-9BA1-15DFF819C6CC}.Release|Any CPU.ActiveCfg = Release|Any CPU
		{CF15573A-6680-406B-9BA1-15DFF819C6CC}.Release|Any CPU.Build.0 = Release|Any CPU
		{DB5364B7-F0EF-4FF0-98DB-FEF369B93933}.Debug|Any CPU.ActiveCfg = Debug|Any CPU
		{DB5364B7-F0EF-4FF0-98DB-FEF369B93933}.Debug|Any CPU.Build.0 = Debug|Any CPU
		{DB5364B7-F0EF-4FF0-98DB-FEF369B93933}.Release|Any CPU.ActiveCfg = Release|Any CPU
		{DB5364B7-F0EF-4FF0-98DB-FEF369B93933}.Release|Any CPU.Build.0 = Release|Any CPU
	EndGlobalSection
	GlobalSection(NestedProjects) = preSolution
		{94E3674D-7478-4B48-B1DD-9ACA057E69B8} = {98F2368B-28CC-46AF-989A-B57127819289}
		{CF15573A-6680-406B-9BA1-15DFF819C6CC} = {98F2368B-28CC-46AF-989A-B57127819289}
		{443BAECA-181D-45B8-9EB8-FCA3A35051E1} = {98F2368B-28CC-46AF-989A-B57127819289}
		{0F1350CA-2DE0-4EC6-9535-7609B3DFB90D} = {C592BCB6-F941-4C5C-A109-03A40B3885FE}
		{DB5364B7-F0EF-4FF0-98DB-FEF369B93933} = {C592BCB6-F941-4C5C-A109-03A40B3885FE}
	EndGlobalSection
	GlobalSection(MonoDevelopProperties) = preSolution
		StartupItem = ObjectServer.Test\ObjectServer.Test.csproj
	EndGlobalSection
	GlobalSection(SolutionProperties) = preSolution
		HideSolutionNode = FALSE
	EndGlobalSection
EndGlobal
