
Microsoft Visual Studio Solution File, Format Version 12.00
# Visual Studio 15
VisualStudioVersion = 15.0.26403.0
MinimumVisualStudioVersion = 10.0.40219.1
Project("{2150E333-8FDC-42A3-9474-1A3956D46DE8}") = "Server Side", "Server Side", "{98F2368B-28CC-46AF-989A-B57127819289}"
EndProject
Project("{FAE04EC0-301F-11D3-BF4B-00C04F79EFBC}") = "SlipStream.Test", "SlipStream.Test\SlipStream.Test.csproj", "{94E3674D-7478-4B48-B1DD-9ACA057E69B8}"
EndProject
Project("{FAE04EC0-301F-11D3-BF4B-00C04F79EFBC}") = "SlipStream.Infrastructure", "SlipStream.Infrastructure\SlipStream.Infrastructure.csproj", "{E8850DE8-0ED2-4FF9-A08F-6644573C63B4}"
EndProject
Project("{FAE04EC0-301F-11D3-BF4B-00C04F79EFBC}") = "SlipStream.Core", "SlipStream.Core\SlipStream.Core.csproj", "{443BAECA-181D-45B8-9EB8-FCA3A35051E1}"
EndProject
Project("{FAE04EC0-301F-11D3-BF4B-00C04F79EFBC}") = "SlipStream.Server", "SlipStream.Server\SlipStream.Server.csproj", "{E4B0FE62-1C42-4CFE-ACF0-8C9FDFC81951}"
EndProject
Project("{2150E333-8FDC-42A3-9474-1A3956D46DE8}") = "Solution Items", "Solution Items", "{58A5735F-0E7F-4D76-B452-D6413A60932B}"
	ProjectSection(SolutionItems) = preProject
		SlipStream.nunit = SlipStream.nunit
	EndProjectSection
EndProject
Project("{2150E333-8FDC-42A3-9474-1A3956D46DE8}") = "Common", "Common", "{6140E963-D95A-4D21-9BCC-EA8D7D3776C0}"
EndProject
Project("{FAE04EC0-301F-11D3-BF4B-00C04F79EFBC}") = "Sandwych.Common.Test", "Sandwych.Common.Test\Sandwych.Common.Test.csproj", "{70C3A717-8119-42B0-975A-F8D0935DE8A4}"
EndProject
Project("{FAE04EC0-301F-11D3-BF4B-00C04F79EFBC}") = "Sandwych.Common", "Sandwych.Common\Sandwych.Common.csproj", "{07985178-A057-4095-A181-B7B08E2B5432}"
EndProject
Project("{FAE04EC0-301F-11D3-BF4B-00C04F79EFBC}") = "SlipStream.Shared", "SlipStream.Shared\SlipStream.Shared.csproj", "{B86AC0F3-B9B4-4667-9C7C-DA157EB67551}"
EndProject
Project("{FAE04EC0-301F-11D3-BF4B-00C04F79EFBC}") = "SlipStream.HostApp", "SlipStream.HostApp\SlipStream.HostApp.csproj", "{77E560B0-09B9-4EA5-8983-6F3C5B9FD1C6}"
EndProject
Project("{2150E333-8FDC-42A3-9474-1A3956D46DE8}") = "Modules", "Modules", "{40AB08EC-D579-494B-AEC9-38FDC3A7E658}"
EndProject
Project("{FAE04EC0-301F-11D3-BF4B-00C04F79EFBC}") = "SlipStream.DemoModule", "SlipStream.HostApp\Modules\SlipStream.DemoModule\SlipStream.DemoModule.csproj", "{990DCDE7-6C29-452C-BEC7-1B814CBAEC7B}"
EndProject
Project("{FAE04EC0-301F-11D3-BF4B-00C04F79EFBC}") = "SlipStream.TestModule", "SlipStream.Test\Modules\SlipStream.TestModule\SlipStream.TestModule.csproj", "{7B6189BD-EBAF-45FA-8DBC-AD951F37FF1F}"
EndProject
Global
	GlobalSection(SolutionConfigurationPlatforms) = preSolution
		Debug|Any CPU = Debug|Any CPU
		Debug|Mixed Platforms = Debug|Mixed Platforms
		Debug|x86 = Debug|x86
		Release|Any CPU = Release|Any CPU
		Release|Mixed Platforms = Release|Mixed Platforms
		Release|x86 = Release|x86
	EndGlobalSection
	GlobalSection(ProjectConfigurationPlatforms) = postSolution
		{94E3674D-7478-4B48-B1DD-9ACA057E69B8}.Debug|Any CPU.ActiveCfg = Debug|Any CPU
		{94E3674D-7478-4B48-B1DD-9ACA057E69B8}.Debug|Any CPU.Build.0 = Debug|Any CPU
		{94E3674D-7478-4B48-B1DD-9ACA057E69B8}.Debug|Mixed Platforms.ActiveCfg = Debug|Any CPU
		{94E3674D-7478-4B48-B1DD-9ACA057E69B8}.Debug|Mixed Platforms.Build.0 = Debug|Any CPU
		{94E3674D-7478-4B48-B1DD-9ACA057E69B8}.Debug|x86.ActiveCfg = Debug|Any CPU
		{94E3674D-7478-4B48-B1DD-9ACA057E69B8}.Release|Any CPU.ActiveCfg = Release|Any CPU
		{94E3674D-7478-4B48-B1DD-9ACA057E69B8}.Release|Any CPU.Build.0 = Release|Any CPU
		{94E3674D-7478-4B48-B1DD-9ACA057E69B8}.Release|Mixed Platforms.ActiveCfg = Release|Any CPU
		{94E3674D-7478-4B48-B1DD-9ACA057E69B8}.Release|Mixed Platforms.Build.0 = Release|Any CPU
		{94E3674D-7478-4B48-B1DD-9ACA057E69B8}.Release|x86.ActiveCfg = Release|Any CPU
		{E8850DE8-0ED2-4FF9-A08F-6644573C63B4}.Debug|Any CPU.ActiveCfg = Debug|Any CPU
		{E8850DE8-0ED2-4FF9-A08F-6644573C63B4}.Debug|Any CPU.Build.0 = Debug|Any CPU
		{E8850DE8-0ED2-4FF9-A08F-6644573C63B4}.Debug|Mixed Platforms.ActiveCfg = Debug|Any CPU
		{E8850DE8-0ED2-4FF9-A08F-6644573C63B4}.Debug|Mixed Platforms.Build.0 = Debug|Any CPU
		{E8850DE8-0ED2-4FF9-A08F-6644573C63B4}.Debug|x86.ActiveCfg = Debug|Any CPU
		{E8850DE8-0ED2-4FF9-A08F-6644573C63B4}.Release|Any CPU.ActiveCfg = Release|Any CPU
		{E8850DE8-0ED2-4FF9-A08F-6644573C63B4}.Release|Any CPU.Build.0 = Release|Any CPU
		{E8850DE8-0ED2-4FF9-A08F-6644573C63B4}.Release|Mixed Platforms.ActiveCfg = Release|Any CPU
		{E8850DE8-0ED2-4FF9-A08F-6644573C63B4}.Release|Mixed Platforms.Build.0 = Release|Any CPU
		{E8850DE8-0ED2-4FF9-A08F-6644573C63B4}.Release|x86.ActiveCfg = Release|Any CPU
		{443BAECA-181D-45B8-9EB8-FCA3A35051E1}.Debug|Any CPU.ActiveCfg = Debug|Any CPU
		{443BAECA-181D-45B8-9EB8-FCA3A35051E1}.Debug|Any CPU.Build.0 = Debug|Any CPU
		{443BAECA-181D-45B8-9EB8-FCA3A35051E1}.Debug|Mixed Platforms.ActiveCfg = Debug|Any CPU
		{443BAECA-181D-45B8-9EB8-FCA3A35051E1}.Debug|Mixed Platforms.Build.0 = Debug|Any CPU
		{443BAECA-181D-45B8-9EB8-FCA3A35051E1}.Debug|x86.ActiveCfg = Debug|Any CPU
		{443BAECA-181D-45B8-9EB8-FCA3A35051E1}.Release|Any CPU.ActiveCfg = Release|Any CPU
		{443BAECA-181D-45B8-9EB8-FCA3A35051E1}.Release|Any CPU.Build.0 = Release|Any CPU
		{443BAECA-181D-45B8-9EB8-FCA3A35051E1}.Release|Mixed Platforms.ActiveCfg = Release|Any CPU
		{443BAECA-181D-45B8-9EB8-FCA3A35051E1}.Release|Mixed Platforms.Build.0 = Release|Any CPU
		{443BAECA-181D-45B8-9EB8-FCA3A35051E1}.Release|x86.ActiveCfg = Release|Any CPU
		{E4B0FE62-1C42-4CFE-ACF0-8C9FDFC81951}.Debug|Any CPU.ActiveCfg = Debug|Any CPU
		{E4B0FE62-1C42-4CFE-ACF0-8C9FDFC81951}.Debug|Any CPU.Build.0 = Debug|Any CPU
		{E4B0FE62-1C42-4CFE-ACF0-8C9FDFC81951}.Debug|Mixed Platforms.ActiveCfg = Debug|Any CPU
		{E4B0FE62-1C42-4CFE-ACF0-8C9FDFC81951}.Debug|Mixed Platforms.Build.0 = Debug|Any CPU
		{E4B0FE62-1C42-4CFE-ACF0-8C9FDFC81951}.Debug|x86.ActiveCfg = Debug|Any CPU
		{E4B0FE62-1C42-4CFE-ACF0-8C9FDFC81951}.Release|Any CPU.ActiveCfg = Release|Any CPU
		{E4B0FE62-1C42-4CFE-ACF0-8C9FDFC81951}.Release|Any CPU.Build.0 = Release|Any CPU
		{E4B0FE62-1C42-4CFE-ACF0-8C9FDFC81951}.Release|Mixed Platforms.ActiveCfg = Release|Any CPU
		{E4B0FE62-1C42-4CFE-ACF0-8C9FDFC81951}.Release|Mixed Platforms.Build.0 = Release|Any CPU
		{E4B0FE62-1C42-4CFE-ACF0-8C9FDFC81951}.Release|x86.ActiveCfg = Release|Any CPU
		{70C3A717-8119-42B0-975A-F8D0935DE8A4}.Debug|Any CPU.ActiveCfg = Debug|Any CPU
		{70C3A717-8119-42B0-975A-F8D0935DE8A4}.Debug|Any CPU.Build.0 = Debug|Any CPU
		{70C3A717-8119-42B0-975A-F8D0935DE8A4}.Debug|Mixed Platforms.ActiveCfg = Debug|Any CPU
		{70C3A717-8119-42B0-975A-F8D0935DE8A4}.Debug|Mixed Platforms.Build.0 = Debug|Any CPU
		{70C3A717-8119-42B0-975A-F8D0935DE8A4}.Debug|x86.ActiveCfg = Debug|Any CPU
		{70C3A717-8119-42B0-975A-F8D0935DE8A4}.Release|Any CPU.ActiveCfg = Release|Any CPU
		{70C3A717-8119-42B0-975A-F8D0935DE8A4}.Release|Any CPU.Build.0 = Release|Any CPU
		{70C3A717-8119-42B0-975A-F8D0935DE8A4}.Release|Mixed Platforms.ActiveCfg = Release|Any CPU
		{70C3A717-8119-42B0-975A-F8D0935DE8A4}.Release|Mixed Platforms.Build.0 = Release|Any CPU
		{70C3A717-8119-42B0-975A-F8D0935DE8A4}.Release|x86.ActiveCfg = Release|Any CPU
		{07985178-A057-4095-A181-B7B08E2B5432}.Debug|Any CPU.ActiveCfg = Debug|Any CPU
		{07985178-A057-4095-A181-B7B08E2B5432}.Debug|Any CPU.Build.0 = Debug|Any CPU
		{07985178-A057-4095-A181-B7B08E2B5432}.Debug|Mixed Platforms.ActiveCfg = Debug|Any CPU
		{07985178-A057-4095-A181-B7B08E2B5432}.Debug|Mixed Platforms.Build.0 = Debug|Any CPU
		{07985178-A057-4095-A181-B7B08E2B5432}.Debug|x86.ActiveCfg = Debug|Any CPU
		{07985178-A057-4095-A181-B7B08E2B5432}.Release|Any CPU.ActiveCfg = Release|Any CPU
		{07985178-A057-4095-A181-B7B08E2B5432}.Release|Any CPU.Build.0 = Release|Any CPU
		{07985178-A057-4095-A181-B7B08E2B5432}.Release|Mixed Platforms.ActiveCfg = Release|Any CPU
		{07985178-A057-4095-A181-B7B08E2B5432}.Release|Mixed Platforms.Build.0 = Release|Any CPU
		{07985178-A057-4095-A181-B7B08E2B5432}.Release|x86.ActiveCfg = Release|Any CPU
		{B86AC0F3-B9B4-4667-9C7C-DA157EB67551}.Debug|Any CPU.ActiveCfg = Debug|Any CPU
		{B86AC0F3-B9B4-4667-9C7C-DA157EB67551}.Debug|Any CPU.Build.0 = Debug|Any CPU
		{B86AC0F3-B9B4-4667-9C7C-DA157EB67551}.Debug|Mixed Platforms.ActiveCfg = Debug|Any CPU
		{B86AC0F3-B9B4-4667-9C7C-DA157EB67551}.Debug|Mixed Platforms.Build.0 = Debug|Any CPU
		{B86AC0F3-B9B4-4667-9C7C-DA157EB67551}.Debug|x86.ActiveCfg = Debug|Any CPU
		{B86AC0F3-B9B4-4667-9C7C-DA157EB67551}.Release|Any CPU.ActiveCfg = Release|Any CPU
		{B86AC0F3-B9B4-4667-9C7C-DA157EB67551}.Release|Any CPU.Build.0 = Release|Any CPU
		{B86AC0F3-B9B4-4667-9C7C-DA157EB67551}.Release|Mixed Platforms.ActiveCfg = Release|Any CPU
		{B86AC0F3-B9B4-4667-9C7C-DA157EB67551}.Release|Mixed Platforms.Build.0 = Release|Any CPU
		{B86AC0F3-B9B4-4667-9C7C-DA157EB67551}.Release|x86.ActiveCfg = Release|Any CPU
		{77E560B0-09B9-4EA5-8983-6F3C5B9FD1C6}.Debug|Any CPU.ActiveCfg = Debug|x86
		{77E560B0-09B9-4EA5-8983-6F3C5B9FD1C6}.Debug|Mixed Platforms.ActiveCfg = Debug|x86
		{77E560B0-09B9-4EA5-8983-6F3C5B9FD1C6}.Debug|Mixed Platforms.Build.0 = Debug|x86
		{77E560B0-09B9-4EA5-8983-6F3C5B9FD1C6}.Debug|x86.ActiveCfg = Debug|x86
		{77E560B0-09B9-4EA5-8983-6F3C5B9FD1C6}.Debug|x86.Build.0 = Debug|x86
		{77E560B0-09B9-4EA5-8983-6F3C5B9FD1C6}.Release|Any CPU.ActiveCfg = Release|x86
		{77E560B0-09B9-4EA5-8983-6F3C5B9FD1C6}.Release|Mixed Platforms.ActiveCfg = Release|x86
		{77E560B0-09B9-4EA5-8983-6F3C5B9FD1C6}.Release|Mixed Platforms.Build.0 = Release|x86
		{77E560B0-09B9-4EA5-8983-6F3C5B9FD1C6}.Release|x86.ActiveCfg = Release|x86
		{77E560B0-09B9-4EA5-8983-6F3C5B9FD1C6}.Release|x86.Build.0 = Release|x86
		{990DCDE7-6C29-452C-BEC7-1B814CBAEC7B}.Debug|Any CPU.ActiveCfg = Debug|Any CPU
		{990DCDE7-6C29-452C-BEC7-1B814CBAEC7B}.Debug|Any CPU.Build.0 = Debug|Any CPU
		{990DCDE7-6C29-452C-BEC7-1B814CBAEC7B}.Debug|Mixed Platforms.ActiveCfg = Debug|Any CPU
		{990DCDE7-6C29-452C-BEC7-1B814CBAEC7B}.Debug|Mixed Platforms.Build.0 = Debug|Any CPU
		{990DCDE7-6C29-452C-BEC7-1B814CBAEC7B}.Debug|x86.ActiveCfg = Debug|Any CPU
		{990DCDE7-6C29-452C-BEC7-1B814CBAEC7B}.Debug|x86.Build.0 = Debug|Any CPU
		{990DCDE7-6C29-452C-BEC7-1B814CBAEC7B}.Release|Any CPU.ActiveCfg = Release|Any CPU
		{990DCDE7-6C29-452C-BEC7-1B814CBAEC7B}.Release|Any CPU.Build.0 = Release|Any CPU
		{990DCDE7-6C29-452C-BEC7-1B814CBAEC7B}.Release|Mixed Platforms.ActiveCfg = Release|Any CPU
		{990DCDE7-6C29-452C-BEC7-1B814CBAEC7B}.Release|Mixed Platforms.Build.0 = Release|Any CPU
		{990DCDE7-6C29-452C-BEC7-1B814CBAEC7B}.Release|x86.ActiveCfg = Release|Any CPU
		{990DCDE7-6C29-452C-BEC7-1B814CBAEC7B}.Release|x86.Build.0 = Release|Any CPU
		{7B6189BD-EBAF-45FA-8DBC-AD951F37FF1F}.Debug|Any CPU.ActiveCfg = Debug|Any CPU
		{7B6189BD-EBAF-45FA-8DBC-AD951F37FF1F}.Debug|Any CPU.Build.0 = Debug|Any CPU
		{7B6189BD-EBAF-45FA-8DBC-AD951F37FF1F}.Debug|Mixed Platforms.ActiveCfg = Debug|Any CPU
		{7B6189BD-EBAF-45FA-8DBC-AD951F37FF1F}.Debug|Mixed Platforms.Build.0 = Debug|Any CPU
		{7B6189BD-EBAF-45FA-8DBC-AD951F37FF1F}.Debug|x86.ActiveCfg = Debug|Any CPU
		{7B6189BD-EBAF-45FA-8DBC-AD951F37FF1F}.Debug|x86.Build.0 = Debug|Any CPU
		{7B6189BD-EBAF-45FA-8DBC-AD951F37FF1F}.Release|Any CPU.ActiveCfg = Release|Any CPU
		{7B6189BD-EBAF-45FA-8DBC-AD951F37FF1F}.Release|Any CPU.Build.0 = Release|Any CPU
		{7B6189BD-EBAF-45FA-8DBC-AD951F37FF1F}.Release|Mixed Platforms.ActiveCfg = Release|Any CPU
		{7B6189BD-EBAF-45FA-8DBC-AD951F37FF1F}.Release|Mixed Platforms.Build.0 = Release|Any CPU
		{7B6189BD-EBAF-45FA-8DBC-AD951F37FF1F}.Release|x86.ActiveCfg = Release|Any CPU
		{7B6189BD-EBAF-45FA-8DBC-AD951F37FF1F}.Release|x86.Build.0 = Release|Any CPU
	EndGlobalSection
	GlobalSection(SolutionProperties) = preSolution
		HideSolutionNode = FALSE
	EndGlobalSection
	GlobalSection(NestedProjects) = preSolution
		{94E3674D-7478-4B48-B1DD-9ACA057E69B8} = {98F2368B-28CC-46AF-989A-B57127819289}
		{E8850DE8-0ED2-4FF9-A08F-6644573C63B4} = {98F2368B-28CC-46AF-989A-B57127819289}
		{443BAECA-181D-45B8-9EB8-FCA3A35051E1} = {98F2368B-28CC-46AF-989A-B57127819289}
		{E4B0FE62-1C42-4CFE-ACF0-8C9FDFC81951} = {98F2368B-28CC-46AF-989A-B57127819289}
		{70C3A717-8119-42B0-975A-F8D0935DE8A4} = {6140E963-D95A-4D21-9BCC-EA8D7D3776C0}
		{07985178-A057-4095-A181-B7B08E2B5432} = {6140E963-D95A-4D21-9BCC-EA8D7D3776C0}
		{B86AC0F3-B9B4-4667-9C7C-DA157EB67551} = {6140E963-D95A-4D21-9BCC-EA8D7D3776C0}
		{77E560B0-09B9-4EA5-8983-6F3C5B9FD1C6} = {98F2368B-28CC-46AF-989A-B57127819289}
		{990DCDE7-6C29-452C-BEC7-1B814CBAEC7B} = {40AB08EC-D579-494B-AEC9-38FDC3A7E658}
		{7B6189BD-EBAF-45FA-8DBC-AD951F37FF1F} = {98F2368B-28CC-46AF-989A-B57127819289}
	EndGlobalSection
	GlobalSection(MonoDevelopProperties) = preSolution
		StartupItem = SlipStream.DevServer\SlipStream.DevServer.csproj
	EndGlobalSection
EndGlobal
